
Microsoft Visual Studio Solution File, Format Version 12.00
# Visual Studio 15
VisualStudioVersion = 15.0.26430.13
MinimumVisualStudioVersion = 10.0.40219.1
Project("{D954291E-2A0B-460D-934E-DC6B0785DB48}") = "ExoplanetHunter", "ExoplanetHunter\ExoplanetHunter\ExoplanetHunter.shproj", "{8731BC84-8FB5-412A-BB3A-FB52AD442A2F}"
EndProject
Project("{FAE04EC0-301F-11D3-BF4B-00C04F79EFBC}") = "ExoplanetHunter.Android", "ExoplanetHunter\ExoplanetHunter.Android\ExoplanetHunter.Android.csproj", "{32562317-9A1A-413B-AAFE-F35BE83F9BFB}"
EndProject
Project("{FAE04EC0-301F-11D3-BF4B-00C04F79EFBC}") = "ExoplanetHunter.iOS", "ExoplanetHunter\ExoplanetHunter.iOS\ExoplanetHunter.iOS.csproj", "{38BDEA5A-C652-4870-A384-DA1FE5C36B89}"
EndProject
Project("{9A19103F-16F7-4668-BE54-9A1E7A4F7556}") = "ExoplanetService", "ExoplanetService\ExoplanetService.csproj", "{1C36DE93-A499-494D-A421-7B5554D65630}"
EndProject
Global
	GlobalSection(SharedMSBuildProjectFiles) = preSolution
		ExoplanetHunter\ExoplanetHunter\ExoplanetHunter.projitems*{32562317-9a1a-413b-aafe-f35be83f9bfb}*SharedItemsImports = 4
		ExoplanetHunter\ExoplanetHunter\ExoplanetHunter.projitems*{38bdea5a-c652-4870-a384-da1fe5c36b89}*SharedItemsImports = 4
		ExoplanetHunter\ExoplanetHunter\ExoplanetHunter.projitems*{8731bc84-8fb5-412a-bb3a-fb52ad442a2f}*SharedItemsImports = 13
	EndGlobalSection
	GlobalSection(SolutionConfigurationPlatforms) = preSolution
		Debug|Any CPU = Debug|Any CPU
		Debug|iPhone = Debug|iPhone
		Debug|iPhoneSimulator = Debug|iPhoneSimulator
		Release|Any CPU = Release|Any CPU
		Release|iPhone = Release|iPhone
		Release|iPhoneSimulator = Release|iPhoneSimulator
	EndGlobalSection
	GlobalSection(ProjectConfigurationPlatforms) = postSolution
		{32562317-9A1A-413B-AAFE-F35BE83F9BFB}.Debug|Any CPU.ActiveCfg = Debug|Any CPU
		{32562317-9A1A-413B-AAFE-F35BE83F9BFB}.Debug|Any CPU.Build.0 = Debug|Any CPU
		{32562317-9A1A-413B-AAFE-F35BE83F9BFB}.Debug|Any CPU.Deploy.0 = Debug|Any CPU
		{32562317-9A1A-413B-AAFE-F35BE83F9BFB}.Debug|iPhone.ActiveCfg = Debug|Any CPU
		{32562317-9A1A-413B-AAFE-F35BE83F9BFB}.Debug|iPhone.Build.0 = Debug|Any CPU
		{32562317-9A1A-413B-AAFE-F35BE83F9BFB}.Debug|iPhone.Deploy.0 = Debug|Any CPU
		{32562317-9A1A-413B-AAFE-F35BE83F9BFB}.Debug|iPhoneSimulator.ActiveCfg = Debug|Any CPU
		{32562317-9A1A-413B-AAFE-F35BE83F9BFB}.Debug|iPhoneSimulator.Build.0 = Debug|Any CPU
		{32562317-9A1A-413B-AAFE-F35BE83F9BFB}.Debug|iPhoneSimulator.Deploy.0 = Debug|Any CPU
		{32562317-9A1A-413B-AAFE-F35BE83F9BFB}.Release|Any CPU.ActiveCfg = Release|Any CPU
		{32562317-9A1A-413B-AAFE-F35BE83F9BFB}.Release|Any CPU.Build.0 = Release|Any CPU
		{32562317-9A1A-413B-AAFE-F35BE83F9BFB}.Release|Any CPU.Deploy.0 = Release|Any CPU
		{32562317-9A1A-413B-AAFE-F35BE83F9BFB}.Release|iPhone.ActiveCfg = Release|Any CPU
		{32562317-9A1A-413B-AAFE-F35BE83F9BFB}.Release|iPhone.Build.0 = Release|Any CPU
		{32562317-9A1A-413B-AAFE-F35BE83F9BFB}.Release|iPhone.Deploy.0 = Release|Any CPU
		{32562317-9A1A-413B-AAFE-F35BE83F9BFB}.Release|iPhoneSimulator.ActiveCfg = Release|Any CPU
		{32562317-9A1A-413B-AAFE-F35BE83F9BFB}.Release|iPhoneSimulator.Build.0 = Release|Any CPU
		{32562317-9A1A-413B-AAFE-F35BE83F9BFB}.Release|iPhoneSimulator.Deploy.0 = Release|Any CPU
		{38BDEA5A-C652-4870-A384-DA1FE5C36B89}.Debug|Any CPU.ActiveCfg = Debug|iPhone
		{38BDEA5A-C652-4870-A384-DA1FE5C36B89}.Debug|iPhone.ActiveCfg = Debug|iPhone
		{38BDEA5A-C652-4870-A384-DA1FE5C36B89}.Debug|iPhone.Build.0 = Debug|iPhone
		{38BDEA5A-C652-4870-A384-DA1FE5C36B89}.Debug|iPhoneSimulator.ActiveCfg = Debug|iPhoneSimulator
		{38BDEA5A-C652-4870-A384-DA1FE5C36B89}.Debug|iPhoneSimulator.Build.0 = Debug|iPhoneSimulator
		{38BDEA5A-C652-4870-A384-DA1FE5C36B89}.Release|Any CPU.ActiveCfg = Release|iPhone
		{38BDEA5A-C652-4870-A384-DA1FE5C36B89}.Release|iPhone.ActiveCfg = Release|iPhone
		{38BDEA5A-C652-4870-A384-DA1FE5C36B89}.Release|iPhone.Build.0 = Release|iPhone
		{38BDEA5A-C652-4870-A384-DA1FE5C36B89}.Release|iPhoneSimulator.ActiveCfg = Release|iPhoneSimulator
		{38BDEA5A-C652-4870-A384-DA1FE5C36B89}.Release|iPhoneSimulator.Build.0 = Release|iPhoneSimulator
		{1C36DE93-A499-494D-A421-7B5554D65630}.Debug|Any CPU.ActiveCfg = Debug|Any CPU
		{1C36DE93-A499-494D-A421-7B5554D65630}.Debug|Any CPU.Build.0 = Debug|Any CPU
		{1C36DE93-A499-494D-A421-7B5554D65630}.Debug|iPhone.ActiveCfg = Debug|Any CPU
		{1C36DE93-A499-494D-A421-7B5554D65630}.Debug|iPhone.Build.0 = Debug|Any CPU
		{1C36DE93-A499-494D-A421-7B5554D65630}.Debug|iPhoneSimulator.ActiveCfg = Debug|Any CPU
		{1C36DE93-A499-494D-A421-7B5554D65630}.Debug|iPhoneSimulator.Build.0 = Debug|Any CPU
		{1C36DE93-A499-494D-A421-7B5554D65630}.Release|Any CPU.ActiveCfg = Release|Any CPU
		{1C36DE93-A499-494D-A421-7B5554D65630}.Release|Any CPU.Build.0 = Release|Any CPU
		{1C36DE93-A499-494D-A421-7B5554D65630}.Release|iPhone.ActiveCfg = Release|Any CPU
		{1C36DE93-A499-494D-A421-7B5554D65630}.Release|iPhone.Build.0 = Release|Any CPU
		{1C36DE93-A499-494D-A421-7B5554D65630}.Release|iPhoneSimulator.ActiveCfg = Release|Any CPU
		{1C36DE93-A499-494D-A421-7B5554D65630}.Release|iPhoneSimulator.Build.0 = Release|Any CPU
	EndGlobalSection
	GlobalSection(SolutionProperties) = preSolution
		HideSolutionNode = FALSE
	EndGlobalSection
EndGlobal
